
Microsoft Visual Studio Solution File, Format Version 12.00
# Visual Studio Version 16
VisualStudioVersion = 16.0.30128.74
MinimumVisualStudioVersion = 10.0.40219.1
Project("{FAE04EC0-301F-11D3-BF4B-00C04F79EFBC}") = "UnlimitLord", "UnlimitLord\UnlimitLord.csproj", "{03256707-FF9B-40F5-B303-40E477333D9E}"
EndProject
Global
	GlobalSection(SolutionConfigurationPlatforms) = preSolution
		McmDebug|x64 = McmDebug|x64
		McmRelease|x64 = McmRelease|x64
		StandaloneDebug|x64 = StandaloneDebug|x64
		StandaloneRelease|x64 = StandaloneRelease|x64
	EndGlobalSection
	GlobalSection(ProjectConfigurationPlatforms) = postSolution
		{03256707-FF9B-40F5-B303-40E477333D9E}.McmDebug|x64.ActiveCfg = McmDebug|x64
		{03256707-FF9B-40F5-B303-40E477333D9E}.McmDebug|x64.Build.0 = McmDebug|x64
		{03256707-FF9B-40F5-B303-40E477333D9E}.McmRelease|x64.ActiveCfg = McmRelease|x64
		{03256707-FF9B-40F5-B303-40E477333D9E}.McmRelease|x64.Build.0 = McmRelease|x64
		{03256707-FF9B-40F5-B303-40E477333D9E}.StandaloneDebug|x64.ActiveCfg = StandaloneDebug|x64
		{03256707-FF9B-40F5-B303-40E477333D9E}.StandaloneDebug|x64.Build.0 = StandaloneDebug|x64
		{03256707-FF9B-40F5-B303-40E477333D9E}.StandaloneRelease|x64.ActiveCfg = StandaloneRelease|x64
		{03256707-FF9B-40F5-B303-40E477333D9E}.StandaloneRelease|x64.Build.0 = StandaloneRelease|x64
	EndGlobalSection
	GlobalSection(SolutionProperties) = preSolution
		HideSolutionNode = FALSE
	EndGlobalSection
	GlobalSection(ExtensibilityGlobals) = postSolution
		SolutionGuid = {B1100D24-AFCE-467A-B258-1C8BFBCE8F51}
	EndGlobalSection
EndGlobal
