
Microsoft Visual Studio Solution File, Format Version 12.00
# Visual Studio Version 16
VisualStudioVersion = 16.0.30128.74
MinimumVisualStudioVersion = 10.0.40219.1
Project("{FAE04EC0-301F-11D3-BF4B-00C04F79EFBC}") = "UnlimitLord", "UnlimitLord\UnlimitLord.csproj", "{55A71128-7708-4CB9-838A-328682885AE3}"
EndProject
Global
	GlobalSection(SolutionConfigurationPlatforms) = preSolution
		mcmDebug|Any CPU = mcmDebug|Any CPU
		mcmRelease|Any CPU = mcmRelease|Any CPU
		noMcmDebug|Any CPU = noMcmDebug|Any CPU
		noMcmRelease|Any CPU = noMcmRelease|Any CPU
	EndGlobalSection
	GlobalSection(ProjectConfigurationPlatforms) = postSolution
		{55A71128-7708-4CB9-838A-328682885AE3}.mcmDebug|Any CPU.ActiveCfg = mcmDebug|Any CPU
		{55A71128-7708-4CB9-838A-328682885AE3}.mcmDebug|Any CPU.Build.0 = mcmDebug|Any CPU
		{55A71128-7708-4CB9-838A-328682885AE3}.mcmRelease|Any CPU.ActiveCfg = mcmRelease|Any CPU
		{55A71128-7708-4CB9-838A-328682885AE3}.mcmRelease|Any CPU.Build.0 = mcmRelease|Any CPU
		{55A71128-7708-4CB9-838A-328682885AE3}.noMcmDebug|Any CPU.ActiveCfg = noMcmDebug|Any CPU
		{55A71128-7708-4CB9-838A-328682885AE3}.noMcmDebug|Any CPU.Build.0 = noMcmDebug|Any CPU
		{55A71128-7708-4CB9-838A-328682885AE3}.noMcmRelease|Any CPU.ActiveCfg = noMcmDebug|Any CPU
		{55A71128-7708-4CB9-838A-328682885AE3}.noMcmRelease|Any CPU.Build.0 = noMcmDebug|Any CPU
	EndGlobalSection
	GlobalSection(SolutionProperties) = preSolution
		HideSolutionNode = FALSE
	EndGlobalSection
	GlobalSection(ExtensibilityGlobals) = postSolution
		SolutionGuid = {CE06A774-667D-4452-A27B-74C2B445788C}
	EndGlobalSection
EndGlobal
